
Microsoft Visual Studio Solution File, Format Version 12.00
# Visual Studio Version 17
VisualStudioVersion = 17.4.33122.133
MinimumVisualStudioVersion = 10.0.40219.1
Project("{9A19103F-16F7-4668-BE54-9A1E7A4F7556}") = "SiKoperasi.Web", "SiKoperasi.Web\SiKoperasi.Web.csproj", "{168A08F5-B942-42D8-9722-EA9DE0264CF3}"
EndProject
Project("{9A19103F-16F7-4668-BE54-9A1E7A4F7556}") = "SiKoperasi.Core", "SiKoperasi.Core\SiKoperasi.Core.csproj", "{B2B2DA15-0FFB-4F13-9225-4004E928CF59}"
EndProject
Project("{9A19103F-16F7-4668-BE54-9A1E7A4F7556}") = "SiKoperasi.DataAccess", "SiKoperasi.DataAccess\SiKoperasi.DataAccess.csproj", "{5EDCD1F6-0BF3-48AB-8FE4-5E707B3EB62E}"
EndProject
Project("{9A19103F-16F7-4668-BE54-9A1E7A4F7556}") = "SiKoperasi.AppService", "SiKoperasi.AppService\SiKoperasi.AppService.csproj", "{41587EA1-C27E-4436-800D-2AA27557ADE4}"
EndProject
Project("{9A19103F-16F7-4668-BE54-9A1E7A4F7556}") = "SiKoperasi.Auth", "SiKoperasi.Auth\SiKoperasi.Auth.csproj", "{5E419076-BC78-4720-B028-941A3E213B11}"
EndProject
Project("{FAE04EC0-301F-11D3-BF4B-00C04F79EFBC}") = "SiKoperasi.ExternalService", "SiKoperasi.ExternalService\SiKoperasi.ExternalService.csproj", "{80E4EE9E-48F8-4B6C-8E5B-7D544393A633}"
EndProject
Global
	GlobalSection(SolutionConfigurationPlatforms) = preSolution
		Debug|Any CPU = Debug|Any CPU
		Release|Any CPU = Release|Any CPU
	EndGlobalSection
	GlobalSection(ProjectConfigurationPlatforms) = postSolution
		{168A08F5-B942-42D8-9722-EA9DE0264CF3}.Debug|Any CPU.ActiveCfg = Debug|Any CPU
		{168A08F5-B942-42D8-9722-EA9DE0264CF3}.Debug|Any CPU.Build.0 = Debug|Any CPU
		{168A08F5-B942-42D8-9722-EA9DE0264CF3}.Release|Any CPU.ActiveCfg = Release|Any CPU
		{168A08F5-B942-42D8-9722-EA9DE0264CF3}.Release|Any CPU.Build.0 = Release|Any CPU
		{B2B2DA15-0FFB-4F13-9225-4004E928CF59}.Debug|Any CPU.ActiveCfg = Debug|Any CPU
		{B2B2DA15-0FFB-4F13-9225-4004E928CF59}.Debug|Any CPU.Build.0 = Debug|Any CPU
		{B2B2DA15-0FFB-4F13-9225-4004E928CF59}.Release|Any CPU.ActiveCfg = Release|Any CPU
		{B2B2DA15-0FFB-4F13-9225-4004E928CF59}.Release|Any CPU.Build.0 = Release|Any CPU
		{5EDCD1F6-0BF3-48AB-8FE4-5E707B3EB62E}.Debug|Any CPU.ActiveCfg = Debug|Any CPU
		{5EDCD1F6-0BF3-48AB-8FE4-5E707B3EB62E}.Debug|Any CPU.Build.0 = Debug|Any CPU
		{5EDCD1F6-0BF3-48AB-8FE4-5E707B3EB62E}.Release|Any CPU.ActiveCfg = Release|Any CPU
		{5EDCD1F6-0BF3-48AB-8FE4-5E707B3EB62E}.Release|Any CPU.Build.0 = Release|Any CPU
		{41587EA1-C27E-4436-800D-2AA27557ADE4}.Debug|Any CPU.ActiveCfg = Debug|Any CPU
		{41587EA1-C27E-4436-800D-2AA27557ADE4}.Debug|Any CPU.Build.0 = Debug|Any CPU
		{41587EA1-C27E-4436-800D-2AA27557ADE4}.Release|Any CPU.ActiveCfg = Release|Any CPU
		{41587EA1-C27E-4436-800D-2AA27557ADE4}.Release|Any CPU.Build.0 = Release|Any CPU
		{5E419076-BC78-4720-B028-941A3E213B11}.Debug|Any CPU.ActiveCfg = Debug|Any CPU
		{5E419076-BC78-4720-B028-941A3E213B11}.Debug|Any CPU.Build.0 = Debug|Any CPU
		{5E419076-BC78-4720-B028-941A3E213B11}.Release|Any CPU.ActiveCfg = Release|Any CPU
		{5E419076-BC78-4720-B028-941A3E213B11}.Release|Any CPU.Build.0 = Release|Any CPU
		{80E4EE9E-48F8-4B6C-8E5B-7D544393A633}.Debug|Any CPU.ActiveCfg = Debug|Any CPU
		{80E4EE9E-48F8-4B6C-8E5B-7D544393A633}.Debug|Any CPU.Build.0 = Debug|Any CPU
		{80E4EE9E-48F8-4B6C-8E5B-7D544393A633}.Release|Any CPU.ActiveCfg = Release|Any CPU
		{80E4EE9E-48F8-4B6C-8E5B-7D544393A633}.Release|Any CPU.Build.0 = Release|Any CPU
	EndGlobalSection
	GlobalSection(SolutionProperties) = preSolution
		HideSolutionNode = FALSE
	EndGlobalSection
	GlobalSection(ExtensibilityGlobals) = postSolution
		SolutionGuid = {DC4DB591-4B92-4CC5-B115-5138CF2CC4B3}
	EndGlobalSection
EndGlobal
